// !$*UTF8*$!
{
	archiveVersion = 1;
	classes = {
	};
	objectVersion = 50;
	objects = {

/* Begin PBXBuildFile section */
		807CE9242631C5CD00900F95 /* AppDelegate.swift in Sources */ = {isa = PBXBuildFile; fileRef = 807CE9232631C5CD00900F95 /* AppDelegate.swift */; };
		807CE9262631C5CD00900F95 /* SceneDelegate.swift in Sources */ = {isa = PBXBuildFile; fileRef = 807CE9252631C5CD00900F95 /* SceneDelegate.swift */; };
		807CE9282631C5CD00900F95 /* ViewController.swift in Sources */ = {isa = PBXBuildFile; fileRef = 807CE9272631C5CD00900F95 /* ViewController.swift */; };
		807CE92B2631C5CD00900F95 /* Main.storyboard in Resources */ = {isa = PBXBuildFile; fileRef = 807CE9292631C5CD00900F95 /* Main.storyboard */; };
		807CE92D2631C5CE00900F95 /* Assets.xcassets in Resources */ = {isa = PBXBuildFile; fileRef = 807CE92C2631C5CE00900F95 /* Assets.xcassets */; };
		807CE9302631C5CE00900F95 /* LaunchScreen.storyboard in Resources */ = {isa = PBXBuildFile; fileRef = 807CE92E2631C5CE00900F95 /* LaunchScreen.storyboard */; };
		807CE93A2631D16700900F95 /* Endpoint.swift in Sources */ = {isa = PBXBuildFile; fileRef = 807CE9392631D16700900F95 /* Endpoint.swift */; };
		807CE93D2631E11C00900F95 /* ItunesEndpoint.swift in Sources */ = {isa = PBXBuildFile; fileRef = 807CE93C2631E11C00900F95 /* ItunesEndpoint.swift */; };
		807CE9412631EDD100900F95 /* Album.swift in Sources */ = {isa = PBXBuildFile; fileRef = 807CE9402631EDD100900F95 /* Album.swift */; };
		807CE9442631F0E100900F95 /* NetworkCaller.swift in Sources */ = {isa = PBXBuildFile; fileRef = 807CE9432631F0E100900F95 /* NetworkCaller.swift */; };
		807CE9472632178600900F95 /* NetworkErrors.swift in Sources */ = {isa = PBXBuildFile; fileRef = 807CE9462632178600900F95 /* NetworkErrors.swift */; };
		808BC4502641989C00148D6E /* AlbumTableViewController.swift in Sources */ = {isa = PBXBuildFile; fileRef = 808BC44F2641989C00148D6E /* AlbumTableViewController.swift */; };
		808BC4532643357300148D6E /* AlbumTableViewCell.swift in Sources */ = {isa = PBXBuildFile; fileRef = 808BC4522643357300148D6E /* AlbumTableViewCell.swift */; };
		80B9D77A263A057300FACE63 /* RecipesEndpoint.swift in Sources */ = {isa = PBXBuildFile; fileRef = 80B9D779263A057300FACE63 /* RecipesEndpoint.swift */; };
		80B9D77E263A067A00FACE63 /* Recipe.swift in Sources */ = {isa = PBXBuildFile; fileRef = 80B9D77D263A067A00FACE63 /* Recipe.swift */; };
		80B9D783263A0C5800FACE63 /* Alert.swift in Sources */ = {isa = PBXBuildFile; fileRef = 80B9D782263A0C5800FACE63 /* Alert.swift */; };
		80B9D788263A164B00FACE63 /* CheckWhichError.swift in Sources */ = {isa = PBXBuildFile; fileRef = 80B9D787263A164B00FACE63 /* CheckWhichError.swift */; };
		80CC259C263C586B006148CB /* AlbumTableViewModel.swift in Sources */ = {isa = PBXBuildFile; fileRef = 80CC259B263C586B006148CB /* AlbumTableViewModel.swift */; };
		80CC259F263C7CDE006148CB /* RecipeTableViewModel.swift in Sources */ = {isa = PBXBuildFile; fileRef = 80CC259E263C7CDE006148CB /* RecipeTableViewModel.swift */; };
/* End PBXBuildFile section */

/* Begin PBXFileReference section */
		807CE9202631C5CD00900F95 /* ItunesTopOneHundred.app */ = {isa = PBXFileReference; explicitFileType = wrapper.application; includeInIndex = 0; path = ItunesTopOneHundred.app; sourceTree = BUILT_PRODUCTS_DIR; };
		807CE9232631C5CD00900F95 /* AppDelegate.swift */ = {isa = PBXFileReference; lastKnownFileType = sourcecode.swift; path = AppDelegate.swift; sourceTree = "<group>"; };
		807CE9252631C5CD00900F95 /* SceneDelegate.swift */ = {isa = PBXFileReference; lastKnownFileType = sourcecode.swift; path = SceneDelegate.swift; sourceTree = "<group>"; };
		807CE9272631C5CD00900F95 /* ViewController.swift */ = {isa = PBXFileReference; lastKnownFileType = sourcecode.swift; path = ViewController.swift; sourceTree = "<group>"; };
		807CE92A2631C5CD00900F95 /* Base */ = {isa = PBXFileReference; lastKnownFileType = file.storyboard; name = Base; path = Base.lproj/Main.storyboard; sourceTree = "<group>"; };
		807CE92C2631C5CE00900F95 /* Assets.xcassets */ = {isa = PBXFileReference; lastKnownFileType = folder.assetcatalog; path = Assets.xcassets; sourceTree = "<group>"; };
		807CE92F2631C5CE00900F95 /* Base */ = {isa = PBXFileReference; lastKnownFileType = file.storyboard; name = Base; path = Base.lproj/LaunchScreen.storyboard; sourceTree = "<group>"; };
		807CE9312631C5CE00900F95 /* Info.plist */ = {isa = PBXFileReference; lastKnownFileType = text.plist.xml; path = Info.plist; sourceTree = "<group>"; };
		807CE9392631D16700900F95 /* Endpoint.swift */ = {isa = PBXFileReference; lastKnownFileType = sourcecode.swift; path = Endpoint.swift; sourceTree = "<group>"; };
		807CE93C2631E11C00900F95 /* ItunesEndpoint.swift */ = {isa = PBXFileReference; lastKnownFileType = sourcecode.swift; path = ItunesEndpoint.swift; sourceTree = "<group>"; };
		807CE9402631EDD100900F95 /* Album.swift */ = {isa = PBXFileReference; lastKnownFileType = sourcecode.swift; path = Album.swift; sourceTree = "<group>"; };
		807CE9432631F0E100900F95 /* NetworkCaller.swift */ = {isa = PBXFileReference; lastKnownFileType = sourcecode.swift; path = NetworkCaller.swift; sourceTree = "<group>"; };
		807CE9462632178600900F95 /* NetworkErrors.swift */ = {isa = PBXFileReference; lastKnownFileType = sourcecode.swift; path = NetworkErrors.swift; sourceTree = "<group>"; };
		808BC44F2641989C00148D6E /* AlbumTableViewController.swift */ = {isa = PBXFileReference; lastKnownFileType = sourcecode.swift; path = AlbumTableViewController.swift; sourceTree = "<group>"; };
		808BC4522643357300148D6E /* AlbumTableViewCell.swift */ = {isa = PBXFileReference; lastKnownFileType = sourcecode.swift; path = AlbumTableViewCell.swift; sourceTree = "<group>"; };
		80B9D779263A057300FACE63 /* RecipesEndpoint.swift */ = {isa = PBXFileReference; lastKnownFileType = sourcecode.swift; path = RecipesEndpoint.swift; sourceTree = "<group>"; };
		80B9D77D263A067A00FACE63 /* Recipe.swift */ = {isa = PBXFileReference; lastKnownFileType = sourcecode.swift; path = Recipe.swift; sourceTree = "<group>"; };
		80B9D782263A0C5800FACE63 /* Alert.swift */ = {isa = PBXFileReference; lastKnownFileType = sourcecode.swift; path = Alert.swift; sourceTree = "<group>"; };
		80B9D787263A164B00FACE63 /* CheckWhichError.swift */ = {isa = PBXFileReference; lastKnownFileType = sourcecode.swift; path = CheckWhichError.swift; sourceTree = "<group>"; };
		80CC259B263C586B006148CB /* AlbumTableViewModel.swift */ = {isa = PBXFileReference; lastKnownFileType = sourcecode.swift; path = AlbumTableViewModel.swift; sourceTree = "<group>"; };
		80CC259E263C7CDE006148CB /* RecipeTableViewModel.swift */ = {isa = PBXFileReference; lastKnownFileType = sourcecode.swift; path = RecipeTableViewModel.swift; sourceTree = "<group>"; };
/* End PBXFileReference section */

/* Begin PBXFrameworksBuildPhase section */
		807CE91D2631C5CD00900F95 /* Frameworks */ = {
			isa = PBXFrameworksBuildPhase;
			buildActionMask = 2147483647;
			files = (
			);
			runOnlyForDeploymentPostprocessing = 0;
		};
/* End PBXFrameworksBuildPhase section */

/* Begin PBXGroup section */
		803A66C926446325009EF74F /* NetworkEndpoints */ = {
			isa = PBXGroup;
			children = (
				807CE9392631D16700900F95 /* Endpoint.swift */,
				807CE93C2631E11C00900F95 /* ItunesEndpoint.swift */,
				80B9D779263A057300FACE63 /* RecipesEndpoint.swift */,
			);
			path = NetworkEndpoints;
			sourceTree = "<group>";
		};
		803A66CC2644641E009EF74F /* Resources */ = {
			isa = PBXGroup;
			children = (
				807CE9232631C5CD00900F95 /* AppDelegate.swift */,
				807CE9252631C5CD00900F95 /* SceneDelegate.swift */,
				807CE9292631C5CD00900F95 /* Main.storyboard */,
				807CE92C2631C5CE00900F95 /* Assets.xcassets */,
				807CE92E2631C5CE00900F95 /* LaunchScreen.storyboard */,
			);
			path = Resources;
			sourceTree = "<group>";
		};
		807CE9172631C5CD00900F95 = {
			isa = PBXGroup;
			children = (
				807CE9222631C5CD00900F95 /* ItunesTopOneHundred */,
				803A66CC2644641E009EF74F /* Resources */,
				807CE9212631C5CD00900F95 /* Products */,
			);
			sourceTree = "<group>";
		};
		807CE9212631C5CD00900F95 /* Products */ = {
			isa = PBXGroup;
			children = (
				807CE9202631C5CD00900F95 /* ItunesTopOneHundred.app */,
			);
			name = Products;
			sourceTree = "<group>";
		};
		807CE9222631C5CD00900F95 /* ItunesTopOneHundred */ = {
			isa = PBXGroup;
			children = (
				807CE9312631C5CE00900F95 /* Info.plist */,
				80CC259A263C57BF006148CB /* ViewModels */,
				80B9D781263A0C0100FACE63 /* Helpers */,
				80B9D761263876C100FACE63 /* Views */,
				807CE93F2631E36400900F95 /* Model */,
				803A66C926446325009EF74F /* NetworkEndpoints */,
				807CE9382631CCF600900F95 /* Services */,
			);
			path = ItunesTopOneHundred;
			sourceTree = "<group>";
		};
		807CE9382631CCF600900F95 /* Services */ = {
			isa = PBXGroup;
			children = (
				807CE9432631F0E100900F95 /* NetworkCaller.swift */,
				807CE9462632178600900F95 /* NetworkErrors.swift */,
			);
			path = Services;
			sourceTree = "<group>";
		};
		807CE93F2631E36400900F95 /* Model */ = {
			isa = PBXGroup;
			children = (
				807CE9402631EDD100900F95 /* Album.swift */,
				80B9D77D263A067A00FACE63 /* Recipe.swift */,
			);
			path = Model;
			sourceTree = "<group>";
		};
		80B9D761263876C100FACE63 /* Views */ = {
			isa = PBXGroup;
			children = (
				807CE9272631C5CD00900F95 /* ViewController.swift */,
				808BC44F2641989C00148D6E /* AlbumTableViewController.swift */,
				808BC4522643357300148D6E /* AlbumTableViewCell.swift */,
			);
			path = Views;
			sourceTree = "<group>";
		};
		80B9D781263A0C0100FACE63 /* Helpers */ = {
			isa = PBXGroup;
			children = (
				80B9D782263A0C5800FACE63 /* Alert.swift */,
				80B9D787263A164B00FACE63 /* CheckWhichError.swift */,
			);
			path = Helpers;
			sourceTree = "<group>";
		};
		80CC259A263C57BF006148CB /* ViewModels */ = {
			isa = PBXGroup;
			children = (
				80CC259B263C586B006148CB /* AlbumTableViewModel.swift */,
				80CC259E263C7CDE006148CB /* RecipeTableViewModel.swift */,
			);
			path = ViewModels;
			sourceTree = "<group>";
		};
/* End PBXGroup section */

/* Begin PBXNativeTarget section */
		807CE91F2631C5CD00900F95 /* ItunesTopOneHundred */ = {
			isa = PBXNativeTarget;
			buildConfigurationList = 807CE9342631C5CE00900F95 /* Build configuration list for PBXNativeTarget "ItunesTopOneHundred" */;
			buildPhases = (
				807CE91C2631C5CD00900F95 /* Sources */,
				807CE91D2631C5CD00900F95 /* Frameworks */,
				807CE91E2631C5CD00900F95 /* Resources */,
			);
			buildRules = (
			);
			dependencies = (
			);
			name = ItunesTopOneHundred;
			productName = ItunesTopOneHundred;
			productReference = 807CE9202631C5CD00900F95 /* ItunesTopOneHundred.app */;
			productType = "com.apple.product-type.application";
		};
/* End PBXNativeTarget section */

/* Begin PBXProject section */
		807CE9182631C5CD00900F95 /* Project object */ = {
			isa = PBXProject;
			attributes = {
				LastSwiftUpdateCheck = 1240;
				LastUpgradeCheck = 1240;
				TargetAttributes = {
					807CE91F2631C5CD00900F95 = {
						CreatedOnToolsVersion = 12.4;
					};
				};
			};
			buildConfigurationList = 807CE91B2631C5CD00900F95 /* Build configuration list for PBXProject "ItunesTopOneHundred" */;
			compatibilityVersion = "Xcode 9.3";
			developmentRegion = en;
			hasScannedForEncodings = 0;
			knownRegions = (
				en,
				Base,
			);
			mainGroup = 807CE9172631C5CD00900F95;
			productRefGroup = 807CE9212631C5CD00900F95 /* Products */;
			projectDirPath = "";
			projectRoot = "";
			targets = (
				807CE91F2631C5CD00900F95 /* ItunesTopOneHundred */,
			);
		};
/* End PBXProject section */

/* Begin PBXResourcesBuildPhase section */
		807CE91E2631C5CD00900F95 /* Resources */ = {
			isa = PBXResourcesBuildPhase;
			buildActionMask = 2147483647;
			files = (
				807CE9302631C5CE00900F95 /* LaunchScreen.storyboard in Resources */,
				807CE92D2631C5CE00900F95 /* Assets.xcassets in Resources */,
				807CE92B2631C5CD00900F95 /* Main.storyboard in Resources */,
			);
			runOnlyForDeploymentPostprocessing = 0;
		};
/* End PBXResourcesBuildPhase section */

/* Begin PBXSourcesBuildPhase section */
		807CE91C2631C5CD00900F95 /* Sources */ = {
			isa = PBXSourcesBuildPhase;
			buildActionMask = 2147483647;
			files = (
				807CE9442631F0E100900F95 /* NetworkCaller.swift in Sources */,
				808BC4502641989C00148D6E /* AlbumTableViewController.swift in Sources */,
				807CE9282631C5CD00900F95 /* ViewController.swift in Sources */,
				80CC259F263C7CDE006148CB /* RecipeTableViewModel.swift in Sources */,
				808BC4532643357300148D6E /* AlbumTableViewCell.swift in Sources */,
				807CE9242631C5CD00900F95 /* AppDelegate.swift in Sources */,
				807CE93D2631E11C00900F95 /* ItunesEndpoint.swift in Sources */,
				807CE93A2631D16700900F95 /* Endpoint.swift in Sources */,
				80CC259C263C586B006148CB /* AlbumTableViewModel.swift in Sources */,
				807CE9472632178600900F95 /* NetworkErrors.swift in Sources */,
				80B9D783263A0C5800FACE63 /* Alert.swift in Sources */,
				80B9D788263A164B00FACE63 /* CheckWhichError.swift in Sources */,
				807CE9262631C5CD00900F95 /* SceneDelegate.swift in Sources */,
				80B9D77A263A057300FACE63 /* RecipesEndpoint.swift in Sources */,
				807CE9412631EDD100900F95 /* Album.swift in Sources */,
				80B9D77E263A067A00FACE63 /* Recipe.swift in Sources */,
			);
			runOnlyForDeploymentPostprocessing = 0;
		};
/* End PBXSourcesBuildPhase section */

/* Begin PBXVariantGroup section */
		807CE9292631C5CD00900F95 /* Main.storyboard */ = {
			isa = PBXVariantGroup;
			children = (
				807CE92A2631C5CD00900F95 /* Base */,
			);
			name = Main.storyboard;
			sourceTree = "<group>";
		};
		807CE92E2631C5CE00900F95 /* LaunchScreen.storyboard */ = {
			isa = PBXVariantGroup;
			children = (
				807CE92F2631C5CE00900F95 /* Base */,
			);
			name = LaunchScreen.storyboard;
			sourceTree = "<group>";
		};
/* End PBXVariantGroup section */

/* Begin XCBuildConfiguration section */
		807CE9322631C5CE00900F95 /* Debug */ = {
			isa = XCBuildConfiguration;
			buildSettings = {
				ALWAYS_SEARCH_USER_PATHS = NO;
				CLANG_ANALYZER_NONNULL = YES;
				CLANG_ANALYZER_NUMBER_OBJECT_CONVERSION = YES_AGGRESSIVE;
				CLANG_CXX_LANGUAGE_STANDARD = "gnu++14";
				CLANG_CXX_LIBRARY = "libc++";
				CLANG_ENABLE_MODULES = YES;
				CLANG_ENABLE_OBJC_ARC = YES;
				CLANG_ENABLE_OBJC_WEAK = YES;
				CLANG_WARN_BLOCK_CAPTURE_AUTORELEASING = YES;
				CLANG_WARN_BOOL_CONVERSION = YES;
				CLANG_WARN_COMMA = YES;
				CLANG_WARN_CONSTANT_CONVERSION = YES;
				CLANG_WARN_DEPRECATED_OBJC_IMPLEMENTATIONS = YES;
				CLANG_WARN_DIRECT_OBJC_ISA_USAGE = YES_ERROR;
				CLANG_WARN_DOCUMENTATION_COMMENTS = YES;
				CLANG_WARN_EMPTY_BODY = YES;
				CLANG_WARN_ENUM_CONVERSION = YES;
				CLANG_WARN_INFINITE_RECURSION = YES;
				CLANG_WARN_INT_CONVERSION = YES;
				CLANG_WARN_NON_LITERAL_NULL_CONVERSION = YES;
				CLANG_WARN_OBJC_IMPLICIT_RETAIN_SELF = YES;
				CLANG_WARN_OBJC_LITERAL_CONVERSION = YES;
				CLANG_WARN_OBJC_ROOT_CLASS = YES_ERROR;
				CLANG_WARN_QUOTED_INCLUDE_IN_FRAMEWORK_HEADER = YES;
				CLANG_WARN_RANGE_LOOP_ANALYSIS = YES;
				CLANG_WARN_STRICT_PROTOTYPES = YES;
				CLANG_WARN_SUSPICIOUS_MOVE = YES;
				CLANG_WARN_UNGUARDED_AVAILABILITY = YES_AGGRESSIVE;
				CLANG_WARN_UNREACHABLE_CODE = YES;
				CLANG_WARN__DUPLICATE_METHOD_MATCH = YES;
				COPY_PHASE_STRIP = NO;
				DEBUG_INFORMATION_FORMAT = dwarf;
				ENABLE_STRICT_OBJC_MSGSEND = YES;
				ENABLE_TESTABILITY = YES;
				GCC_C_LANGUAGE_STANDARD = gnu11;
				GCC_DYNAMIC_NO_PIC = NO;
				GCC_NO_COMMON_BLOCKS = YES;
				GCC_OPTIMIZATION_LEVEL = 0;
				GCC_PREPROCESSOR_DEFINITIONS = (
					"DEBUG=1",
					"$(inherited)",
				);
				GCC_WARN_64_TO_32_BIT_CONVERSION = YES;
				GCC_WARN_ABOUT_RETURN_TYPE = YES_ERROR;
				GCC_WARN_UNDECLARED_SELECTOR = YES;
				GCC_WARN_UNINITIALIZED_AUTOS = YES_AGGRESSIVE;
				GCC_WARN_UNUSED_FUNCTION = YES;
				GCC_WARN_UNUSED_VARIABLE = YES;
				IPHONEOS_DEPLOYMENT_TARGET = 14.4;
				MTL_ENABLE_DEBUG_INFO = INCLUDE_SOURCE;
				MTL_FAST_MATH = YES;
				ONLY_ACTIVE_ARCH = YES;
				SDKROOT = iphoneos;
				SWIFT_ACTIVE_COMPILATION_CONDITIONS = DEBUG;
				SWIFT_OPTIMIZATION_LEVEL = "-Onone";
			};
			name = Debug;
		};
		807CE9332631C5CE00900F95 /* Release */ = {
			isa = XCBuildConfiguration;
			buildSettings = {
				ALWAYS_SEARCH_USER_PATHS = NO;
				CLANG_ANALYZER_NONNULL = YES;
				CLANG_ANALYZER_NUMBER_OBJECT_CONVERSION = YES_AGGRESSIVE;
				CLANG_CXX_LANGUAGE_STANDARD = "gnu++14";
				CLANG_CXX_LIBRARY = "libc++";
				CLANG_ENABLE_MODULES = YES;
				CLANG_ENABLE_OBJC_ARC = YES;
				CLANG_ENABLE_OBJC_WEAK = YES;
				CLANG_WARN_BLOCK_CAPTURE_AUTORELEASING = YES;
				CLANG_WARN_BOOL_CONVERSION = YES;
				CLANG_WARN_COMMA = YES;
				CLANG_WARN_CONSTANT_CONVERSION = YES;
				CLANG_WARN_DEPRECATED_OBJC_IMPLEMENTATIONS = YES;
				CLANG_WARN_DIRECT_OBJC_ISA_USAGE = YES_ERROR;
				CLANG_WARN_DOCUMENTATION_COMMENTS = YES;
				CLANG_WARN_EMPTY_BODY = YES;
				CLANG_WARN_ENUM_CONVERSION = YES;
				CLANG_WARN_INFINITE_RECURSION = YES;
				CLANG_WARN_INT_CONVERSION = YES;
				CLANG_WARN_NON_LITERAL_NULL_CONVERSION = YES;
				CLANG_WARN_OBJC_IMPLICIT_RETAIN_SELF = YES;
				CLANG_WARN_OBJC_LITERAL_CONVERSION = YES;
				CLANG_WARN_OBJC_ROOT_CLASS = YES_ERROR;
				CLANG_WARN_QUOTED_INCLUDE_IN_FRAMEWORK_HEADER = YES;
				CLANG_WARN_RANGE_LOOP_ANALYSIS = YES;
				CLANG_WARN_STRICT_PROTOTYPES = YES;
				CLANG_WARN_SUSPICIOUS_MOVE = YES;
				CLANG_WARN_UNGUARDED_AVAILABILITY = YES_AGGRESSIVE;
				CLANG_WARN_UNREACHABLE_CODE = YES;
				CLANG_WARN__DUPLICATE_METHOD_MATCH = YES;
				COPY_PHASE_STRIP = NO;
				DEBUG_INFORMATION_FORMAT = "dwarf-with-dsym";
				ENABLE_NS_ASSERTIONS = NO;
				ENABLE_STRICT_OBJC_MSGSEND = YES;
				GCC_C_LANGUAGE_STANDARD = gnu11;
				GCC_NO_COMMON_BLOCKS = YES;
				GCC_WARN_64_TO_32_BIT_CONVERSION = YES;
				GCC_WARN_ABOUT_RETURN_TYPE = YES_ERROR;
				GCC_WARN_UNDECLARED_SELECTOR = YES;
				GCC_WARN_UNINITIALIZED_AUTOS = YES_AGGRESSIVE;
				GCC_WARN_UNUSED_FUNCTION = YES;
				GCC_WARN_UNUSED_VARIABLE = YES;
				IPHONEOS_DEPLOYMENT_TARGET = 14.4;
				MTL_ENABLE_DEBUG_INFO = NO;
				MTL_FAST_MATH = YES;
				SDKROOT = iphoneos;
				SWIFT_COMPILATION_MODE = wholemodule;
				SWIFT_OPTIMIZATION_LEVEL = "-O";
				VALIDATE_PRODUCT = YES;
			};
			name = Release;
		};
		807CE9352631C5CE00900F95 /* Debug */ = {
			isa = XCBuildConfiguration;
			buildSettings = {
				ASSETCATALOG_COMPILER_APPICON_NAME = AppIcon;
				ASSETCATALOG_COMPILER_GLOBAL_ACCENT_COLOR_NAME = AccentColor;
				CODE_SIGN_STYLE = Automatic;
				DEVELOPMENT_TEAM = 2FBR82DCBB;
				INFOPLIST_FILE = ItunesTopOneHundred/Info.plist;
				LD_RUNPATH_SEARCH_PATHS = (
					"$(inherited)",
					"@executable_path/Frameworks",
				);
				PRODUCT_BUNDLE_IDENTIFIER = Hoepelman.ItunesTopOneHundred;
				PRODUCT_NAME = "$(TARGET_NAME)";
				SWIFT_VERSION = 5.0;
				TARGETED_DEVICE_FAMILY = "1,2";
			};
			name = Debug;
		};
		807CE9362631C5CE00900F95 /* Release */ = {
			isa = XCBuildConfiguration;
			buildSettings = {
				ASSETCATALOG_COMPILER_APPICON_NAME = AppIcon;
				ASSETCATALOG_COMPILER_GLOBAL_ACCENT_COLOR_NAME = AccentColor;
				CODE_SIGN_STYLE = Automatic;
				DEVELOPMENT_TEAM = 2FBR82DCBB;
				INFOPLIST_FILE = ItunesTopOneHundred/Info.plist;
				LD_RUNPATH_SEARCH_PATHS = (
					"$(inherited)",
					"@executable_path/Frameworks",
				);
				PRODUCT_BUNDLE_IDENTIFIER = Hoepelman.ItunesTopOneHundred;
				PRODUCT_NAME = "$(TARGET_NAME)";
				SWIFT_VERSION = 5.0;
				TARGETED_DEVICE_FAMILY = "1,2";
			};
			name = Release;
		};
/* End XCBuildConfiguration section */

/* Begin XCConfigurationList section */
		807CE91B2631C5CD00900F95 /* Build configuration list for PBXProject "ItunesTopOneHundred" */ = {
			isa = XCConfigurationList;
			buildConfigurations = (
				807CE9322631C5CE00900F95 /* Debug */,
				807CE9332631C5CE00900F95 /* Release */,
			);
			defaultConfigurationIsVisible = 0;
			defaultConfigurationName = Release;
		};
		807CE9342631C5CE00900F95 /* Build configuration list for PBXNativeTarget "ItunesTopOneHundred" */ = {
			isa = XCConfigurationList;
			buildConfigurations = (
				807CE9352631C5CE00900F95 /* Debug */,
				807CE9362631C5CE00900F95 /* Release */,
			);
			defaultConfigurationIsVisible = 0;
			defaultConfigurationName = Release;
		};
/* End XCConfigurationList section */
	};
	rootObject = 807CE9182631C5CD00900F95 /* Project object */;
}
